<Solution>
  <Folder Name="/backend/">
    <Project Path="backend/TaikoLabs.Api/TaikoLabs.Api.csproj" />
  </Folder>
  <Folder Name="/desktop/">
    <Project Path="desktop/TaikoLabs.Desktop/TaikoLabs.Desktop.csproj" />
  </Folder>
  <Folder Name="/tools/">
    <Project Path="tools/TaikoLabs.VenueEditor/TaikoLabs.VenueEditor.csproj" />
  </Folder>
</Solution>
